// !$*UTF8*$!
{
	archiveVersion = 1;
	classes = {
	};
	objectVersion = 50;
	objects = {

/* Begin PBXBuildFile section */
		C634EC7722A6355F0007CD26 /* stations.json in Resources */ = {isa = PBXBuildFile; fileRef = C634EC7622A6355F0007CD26 /* stations.json */; };
		C653212F22B1A01B005B2859 /* Library.swift in Sources */ = {isa = PBXBuildFile; fileRef = C653212E22B1A01B005B2859 /* Library.swift */; };
		C653213122B1A296005B2859 /* UI.swift in Sources */ = {isa = PBXBuildFile; fileRef = C653213022B1A296005B2859 /* UI.swift */; };
		C653213322B1B0F1005B2859 /* Config.swift in Sources */ = {isa = PBXBuildFile; fileRef = C653213222B1B0F1005B2859 /* Config.swift */; };
		C6626B8B22A60FE2009BDC58 /* AppDelegate.swift in Sources */ = {isa = PBXBuildFile; fileRef = C6626B8A22A60FE2009BDC58 /* AppDelegate.swift */; };
		C6626B8D22A60FE2009BDC58 /* ViewController.swift in Sources */ = {isa = PBXBuildFile; fileRef = C6626B8C22A60FE2009BDC58 /* ViewController.swift */; };
		C6626B9222A60FE3009BDC58 /* Assets.xcassets in Resources */ = {isa = PBXBuildFile; fileRef = C6626B9122A60FE3009BDC58 /* Assets.xcassets */; };
		C6744D0622A6D38F009C3D9D /* LaunchScreen.storyboard in Resources */ = {isa = PBXBuildFile; fileRef = C6744D0522A6D38F009C3D9D /* LaunchScreen.storyboard */; };
/* End PBXBuildFile section */

/* Begin PBXFileReference section */
		C634EC7622A6355F0007CD26 /* stations.json */ = {isa = PBXFileReference; lastKnownFileType = text.json; path = stations.json; sourceTree = "<group>"; };
		C634EC7822A63FF80007CD26 /* BVGWifiRecorder.entitlements */ = {isa = PBXFileReference; lastKnownFileType = text.plist.entitlements; path = BVGWifiRecorder.entitlements; sourceTree = "<group>"; };
		C653212E22B1A01B005B2859 /* Library.swift */ = {isa = PBXFileReference; lastKnownFileType = sourcecode.swift; path = Library.swift; sourceTree = "<group>"; };
		C653213022B1A296005B2859 /* UI.swift */ = {isa = PBXFileReference; lastKnownFileType = sourcecode.swift; path = UI.swift; sourceTree = "<group>"; };
		C653213222B1B0F1005B2859 /* Config.swift */ = {isa = PBXFileReference; lastKnownFileType = sourcecode.swift; path = Config.swift; sourceTree = "<group>"; };
		C6626B8722A60FE2009BDC58 /* BVGWifiRecorder.app */ = {isa = PBXFileReference; explicitFileType = wrapper.application; includeInIndex = 0; path = BVGWifiRecorder.app; sourceTree = BUILT_PRODUCTS_DIR; };
		C6626B8A22A60FE2009BDC58 /* AppDelegate.swift */ = {isa = PBXFileReference; lastKnownFileType = sourcecode.swift; path = AppDelegate.swift; sourceTree = "<group>"; };
		C6626B8C22A60FE2009BDC58 /* ViewController.swift */ = {isa = PBXFileReference; lastKnownFileType = sourcecode.swift; path = ViewController.swift; sourceTree = "<group>"; };
		C6626B9122A60FE3009BDC58 /* Assets.xcassets */ = {isa = PBXFileReference; lastKnownFileType = folder.assetcatalog; path = Assets.xcassets; sourceTree = "<group>"; };
		C6626B9622A60FE3009BDC58 /* Info.plist */ = {isa = PBXFileReference; lastKnownFileType = text.plist.xml; path = Info.plist; sourceTree = "<group>"; };
		C6744D0522A6D38F009C3D9D /* LaunchScreen.storyboard */ = {isa = PBXFileReference; lastKnownFileType = file.storyboard; path = LaunchScreen.storyboard; sourceTree = "<group>"; };
/* End PBXFileReference section */

/* Begin PBXFrameworksBuildPhase section */
		C6626B8422A60FE2009BDC58 /* Frameworks */ = {
			isa = PBXFrameworksBuildPhase;
			buildActionMask = 2147483647;
			files = (
			);
			runOnlyForDeploymentPostprocessing = 0;
		};
/* End PBXFrameworksBuildPhase section */

/* Begin PBXGroup section */
		C6626B7E22A60FE2009BDC58 = {
			isa = PBXGroup;
			children = (
				C6626B8922A60FE2009BDC58 /* BVGWifiRecorder */,
				C6626B8822A60FE2009BDC58 /* Products */,
			);
			sourceTree = "<group>";
		};
		C6626B8822A60FE2009BDC58 /* Products */ = {
			isa = PBXGroup;
			children = (
				C6626B8722A60FE2009BDC58 /* BVGWifiRecorder.app */,
			);
			name = Products;
			sourceTree = "<group>";
		};
		C6626B8922A60FE2009BDC58 /* BVGWifiRecorder */ = {
			isa = PBXGroup;
			children = (
				C634EC7822A63FF80007CD26 /* BVGWifiRecorder.entitlements */,
				C6626B8A22A60FE2009BDC58 /* AppDelegate.swift */,
				C6626B8C22A60FE2009BDC58 /* ViewController.swift */,
				C6626B9122A60FE3009BDC58 /* Assets.xcassets */,
				C6626B9622A60FE3009BDC58 /* Info.plist */,
				C634EC7622A6355F0007CD26 /* stations.json */,
				C6744D0522A6D38F009C3D9D /* LaunchScreen.storyboard */,
				C653212E22B1A01B005B2859 /* Library.swift */,
				C653213022B1A296005B2859 /* UI.swift */,
				C653213222B1B0F1005B2859 /* Config.swift */,
			);
			path = BVGWifiRecorder;
			sourceTree = "<group>";
		};
/* End PBXGroup section */

/* Begin PBXNativeTarget section */
		C6626B8622A60FE2009BDC58 /* BVGWifiRecorder */ = {
			isa = PBXNativeTarget;
			buildConfigurationList = C6626B9922A60FE3009BDC58 /* Build configuration list for PBXNativeTarget "BVGWifiRecorder" */;
			buildPhases = (
				C6626B8322A60FE2009BDC58 /* Sources */,
				C6626B8422A60FE2009BDC58 /* Frameworks */,
				C6626B8522A60FE2009BDC58 /* Resources */,
			);
			buildRules = (
			);
			dependencies = (
			);
			name = BVGWifiRecorder;
			productName = BVGWifiRecorder;
			productReference = C6626B8722A60FE2009BDC58 /* BVGWifiRecorder.app */;
			productType = "com.apple.product-type.application";
		};
/* End PBXNativeTarget section */

/* Begin PBXProject section */
		C6626B7F22A60FE2009BDC58 /* Project object */ = {
			isa = PBXProject;
			attributes = {
				LastSwiftUpdateCheck = 1020;
				LastUpgradeCheck = 1020;
				ORGANIZATIONNAME = "Julius Tens";
				TargetAttributes = {
					C6626B8622A60FE2009BDC58 = {
						CreatedOnToolsVersion = 10.2.1;
						SystemCapabilities = {
							com.apple.AccessWiFi = {
								enabled = 1;
							};
						};
					};
				};
			};
			buildConfigurationList = C6626B8222A60FE2009BDC58 /* Build configuration list for PBXProject "BVGWifiRecorder" */;
			compatibilityVersion = "Xcode 9.3";
			developmentRegion = en;
			hasScannedForEncodings = 0;
			knownRegions = (
				en,
				Base,
			);
			mainGroup = C6626B7E22A60FE2009BDC58;
			productRefGroup = C6626B8822A60FE2009BDC58 /* Products */;
			projectDirPath = "";
			projectRoot = "";
			targets = (
				C6626B8622A60FE2009BDC58 /* BVGWifiRecorder */,
			);
		};
/* End PBXProject section */

/* Begin PBXResourcesBuildPhase section */
		C6626B8522A60FE2009BDC58 /* Resources */ = {
			isa = PBXResourcesBuildPhase;
			buildActionMask = 2147483647;
			files = (
				C6744D0622A6D38F009C3D9D /* LaunchScreen.storyboard in Resources */,
				C634EC7722A6355F0007CD26 /* stations.json in Resources */,
				C6626B9222A60FE3009BDC58 /* Assets.xcassets in Resources */,
			);
			runOnlyForDeploymentPostprocessing = 0;
		};
/* End PBXResourcesBuildPhase section */

/* Begin PBXSourcesBuildPhase section */
		C6626B8322A60FE2009BDC58 /* Sources */ = {
			isa = PBXSourcesBuildPhase;
			buildActionMask = 2147483647;
			files = (
				C6626B8D22A60FE2009BDC58 /* ViewController.swift in Sources */,
				C653213122B1A296005B2859 /* UI.swift in Sources */,
				C653213322B1B0F1005B2859 /* Config.swift in Sources */,
				C6626B8B22A60FE2009BDC58 /* AppDelegate.swift in Sources */,
				C653212F22B1A01B005B2859 /* Library.swift in Sources */,
			);
			runOnlyForDeploymentPostprocessing = 0;
		};
/* End PBXSourcesBuildPhase section */

/* Begin XCBuildConfiguration section */
		C6626B9722A60FE3009BDC58 /* Debug */ = {
			isa = XCBuildConfiguration;
			buildSettings = {
				ALWAYS_SEARCH_USER_PATHS = NO;
				CLANG_ANALYZER_NONNULL = YES;
				CLANG_ANALYZER_NUMBER_OBJECT_CONVERSION = YES_AGGRESSIVE;
				CLANG_CXX_LANGUAGE_STANDARD = "gnu++14";
				CLANG_CXX_LIBRARY = "libc++";
				CLANG_ENABLE_MODULES = YES;
				CLANG_ENABLE_OBJC_ARC = YES;
				CLANG_ENABLE_OBJC_WEAK = YES;
				CLANG_WARN_BLOCK_CAPTURE_AUTORELEASING = YES;
				CLANG_WARN_BOOL_CONVERSION = YES;
				CLANG_WARN_COMMA = YES;
				CLANG_WARN_CONSTANT_CONVERSION = YES;
				CLANG_WARN_DEPRECATED_OBJC_IMPLEMENTATIONS = YES;
				CLANG_WARN_DIRECT_OBJC_ISA_USAGE = YES_ERROR;
				CLANG_WARN_DOCUMENTATION_COMMENTS = YES;
				CLANG_WARN_EMPTY_BODY = YES;
				CLANG_WARN_ENUM_CONVERSION = YES;
				CLANG_WARN_INFINITE_RECURSION = YES;
				CLANG_WARN_INT_CONVERSION = YES;
				CLANG_WARN_NON_LITERAL_NULL_CONVERSION = YES;
				CLANG_WARN_OBJC_IMPLICIT_RETAIN_SELF = YES;
				CLANG_WARN_OBJC_LITERAL_CONVERSION = YES;
				CLANG_WARN_OBJC_ROOT_CLASS = YES_ERROR;
				CLANG_WARN_RANGE_LOOP_ANALYSIS = YES;
				CLANG_WARN_STRICT_PROTOTYPES = YES;
				CLANG_WARN_SUSPICIOUS_MOVE = YES;
				CLANG_WARN_UNGUARDED_AVAILABILITY = YES_AGGRESSIVE;
				CLANG_WARN_UNREACHABLE_CODE = YES;
				CLANG_WARN__DUPLICATE_METHOD_MATCH = YES;
				CODE_SIGN_IDENTITY = "iPhone Developer";
				COPY_PHASE_STRIP = NO;
				DEBUG_INFORMATION_FORMAT = dwarf;
				ENABLE_STRICT_OBJC_MSGSEND = YES;
				ENABLE_TESTABILITY = YES;
				GCC_C_LANGUAGE_STANDARD = gnu11;
				GCC_DYNAMIC_NO_PIC = NO;
				GCC_NO_COMMON_BLOCKS = YES;
				GCC_OPTIMIZATION_LEVEL = 0;
				GCC_PREPROCESSOR_DEFINITIONS = (
					"DEBUG=1",
					"$(inherited)",
				);
				GCC_WARN_64_TO_32_BIT_CONVERSION = YES;
				GCC_WARN_ABOUT_RETURN_TYPE = YES_ERROR;
				GCC_WARN_UNDECLARED_SELECTOR = YES;
				GCC_WARN_UNINITIALIZED_AUTOS = YES_AGGRESSIVE;
				GCC_WARN_UNUSED_FUNCTION = YES;
				GCC_WARN_UNUSED_VARIABLE = YES;
				IPHONEOS_DEPLOYMENT_TARGET = 12.2;
				MTL_ENABLE_DEBUG_INFO = INCLUDE_SOURCE;
				MTL_FAST_MATH = YES;
				ONLY_ACTIVE_ARCH = YES;
				SDKROOT = iphoneos;
				SWIFT_ACTIVE_COMPILATION_CONDITIONS = DEBUG;
				SWIFT_OPTIMIZATION_LEVEL = "-Onone";
			};
			name = Debug;
		};
		C6626B9822A60FE3009BDC58 /* Release */ = {
			isa = XCBuildConfiguration;
			buildSettings = {
				ALWAYS_SEARCH_USER_PATHS = NO;
				CLANG_ANALYZER_NONNULL = YES;
				CLANG_ANALYZER_NUMBER_OBJECT_CONVERSION = YES_AGGRESSIVE;
				CLANG_CXX_LANGUAGE_STANDARD = "gnu++14";
				CLANG_CXX_LIBRARY = "libc++";
				CLANG_ENABLE_MODULES = YES;
				CLANG_ENABLE_OBJC_ARC = YES;
				CLANG_ENABLE_OBJC_WEAK = YES;
				CLANG_WARN_BLOCK_CAPTURE_AUTORELEASING = YES;
				CLANG_WARN_BOOL_CONVERSION = YES;
				CLANG_WARN_COMMA = YES;
				CLANG_WARN_CONSTANT_CONVERSION = YES;
				CLANG_WARN_DEPRECATED_OBJC_IMPLEMENTATIONS = YES;
				CLANG_WARN_DIRECT_OBJC_ISA_USAGE = YES_ERROR;
				CLANG_WARN_DOCUMENTATION_COMMENTS = YES;
				CLANG_WARN_EMPTY_BODY = YES;
				CLANG_WARN_ENUM_CONVERSION = YES;
				CLANG_WARN_INFINITE_RECURSION = YES;
				CLANG_WARN_INT_CONVERSION = YES;
				CLANG_WARN_NON_LITERAL_NULL_CONVERSION = YES;
				CLANG_WARN_OBJC_IMPLICIT_RETAIN_SELF = YES;
				CLANG_WARN_OBJC_LITERAL_CONVERSION = YES;
				CLANG_WARN_OBJC_ROOT_CLASS = YES_ERROR;
				CLANG_WARN_RANGE_LOOP_ANALYSIS = YES;
				CLANG_WARN_STRICT_PROTOTYPES = YES;
				CLANG_WARN_SUSPICIOUS_MOVE = YES;
				CLANG_WARN_UNGUARDED_AVAILABILITY = YES_AGGRESSIVE;
				CLANG_WARN_UNREACHABLE_CODE = YES;
				CLANG_WARN__DUPLICATE_METHOD_MATCH = YES;
				CODE_SIGN_IDENTITY = "iPhone Developer";
				COPY_PHASE_STRIP = NO;
				DEBUG_INFORMATION_FORMAT = "dwarf-with-dsym";
				ENABLE_NS_ASSERTIONS = NO;
				ENABLE_STRICT_OBJC_MSGSEND = YES;
				GCC_C_LANGUAGE_STANDARD = gnu11;
				GCC_NO_COMMON_BLOCKS = YES;
				GCC_WARN_64_TO_32_BIT_CONVERSION = YES;
				GCC_WARN_ABOUT_RETURN_TYPE = YES_ERROR;
				GCC_WARN_UNDECLARED_SELECTOR = YES;
				GCC_WARN_UNINITIALIZED_AUTOS = YES_AGGRESSIVE;
				GCC_WARN_UNUSED_FUNCTION = YES;
				GCC_WARN_UNUSED_VARIABLE = YES;
				IPHONEOS_DEPLOYMENT_TARGET = 12.2;
				MTL_ENABLE_DEBUG_INFO = NO;
				MTL_FAST_MATH = YES;
				SDKROOT = iphoneos;
				SWIFT_COMPILATION_MODE = wholemodule;
				SWIFT_OPTIMIZATION_LEVEL = "-O";
				VALIDATE_PRODUCT = YES;
			};
			name = Release;
		};
		C6626B9A22A60FE3009BDC58 /* Debug */ = {
			isa = XCBuildConfiguration;
			buildSettings = {
				ASSETCATALOG_COMPILER_APPICON_NAME = AppIcon;
				CODE_SIGN_ENTITLEMENTS = BVGWifiRecorder/BVGWifiRecorder.entitlements;
				CODE_SIGN_STYLE = Automatic;
				DEVELOPMENT_TEAM = Y9MH8Q5742;
				INFOPLIST_FILE = BVGWifiRecorder/Info.plist;
				LD_RUNPATH_SEARCH_PATHS = (
					"$(inherited)",
					"@executable_path/Frameworks",
				);
				PRODUCT_BUNDLE_IDENTIFIER = eu.juliustens.BVGWifiRecorder;
				PRODUCT_NAME = "$(TARGET_NAME)";
				SWIFT_VERSION = 5.0;
				TARGETED_DEVICE_FAMILY = 1;
			};
			name = Debug;
		};
		C6626B9B22A60FE3009BDC58 /* Release */ = {
			isa = XCBuildConfiguration;
			buildSettings = {
				ASSETCATALOG_COMPILER_APPICON_NAME = AppIcon;
				CODE_SIGN_ENTITLEMENTS = BVGWifiRecorder/BVGWifiRecorder.entitlements;
				CODE_SIGN_STYLE = Automatic;
				DEVELOPMENT_TEAM = Y9MH8Q5742;
				INFOPLIST_FILE = BVGWifiRecorder/Info.plist;
				LD_RUNPATH_SEARCH_PATHS = (
					"$(inherited)",
					"@executable_path/Frameworks",
				);
				PRODUCT_BUNDLE_IDENTIFIER = eu.juliustens.BVGWifiRecorder;
				PRODUCT_NAME = "$(TARGET_NAME)";
				SWIFT_VERSION = 5.0;
				TARGETED_DEVICE_FAMILY = 1;
			};
			name = Release;
		};
/* End XCBuildConfiguration section */

/* Begin XCConfigurationList section */
		C6626B8222A60FE2009BDC58 /* Build configuration list for PBXProject "BVGWifiRecorder" */ = {
			isa = XCConfigurationList;
			buildConfigurations = (
				C6626B9722A60FE3009BDC58 /* Debug */,
				C6626B9822A60FE3009BDC58 /* Release */,
			);
			defaultConfigurationIsVisible = 0;
			defaultConfigurationName = Release;
		};
		C6626B9922A60FE3009BDC58 /* Build configuration list for PBXNativeTarget "BVGWifiRecorder" */ = {
			isa = XCConfigurationList;
			buildConfigurations = (
				C6626B9A22A60FE3009BDC58 /* Debug */,
				C6626B9B22A60FE3009BDC58 /* Release */,
			);
			defaultConfigurationIsVisible = 0;
			defaultConfigurationName = Release;
		};
/* End XCConfigurationList section */
	};
	rootObject = C6626B7F22A60FE2009BDC58 /* Project object */;
}
